// !$*UTF8*$!
{
	archiveVersion = 1;
	classes = {
	};
	objectVersion = 77;
	objects = {

/* Begin PBXBuildFile section */
		00D31B2F3287427F28053B3A /* HistoryView.swift in Sources */ = {isa = PBXBuildFile; fileRef = A907BFB6E840EFB9088F386C /* HistoryView.swift */; };
		018A5F6B168C1A3851BE5825 /* CloudObservation.swift in Sources */ = {isa = PBXBuildFile; fileRef = 52716D289115DBB34EDCF4A6 /* CloudObservation.swift */; };
		07A0120563700F88EDE4FB09 /* LightningOrThunder.json in Resources */ = {isa = PBXBuildFile; fileRef = 6AFBE492B520E3F1D3E63206 /* LightningOrThunder.json */; };
		07EFFFBAFFCAFE12F1C5B0A7 /* BayesianNetworkNode.swift in Sources */ = {isa = PBXBuildFile; fileRef = 46EA4F7C788DB82047969F09 /* BayesianNetworkNode.swift */; };
		090A60715653D48A9884E88B /* CloudGenusTests.swift in Sources */ = {isa = PBXBuildFile; fileRef = D06EED6AADC2C4B097722EC3 /* CloudGenusTests.swift */; };
		0ACCFEE9E02806DE54295303 /* GenusNetworkContentTests.swift in Sources */ = {isa = PBXBuildFile; fileRef = 5AF6C397400C0A8328B12AB8 /* GenusNetworkContentTests.swift */; };
		119EEF67FD7C39B5238FAD55 /* IdentificationSession.swift in Sources */ = {isa = PBXBuildFile; fileRef = C7F82D5F2E6BF1E209E50399 /* IdentificationSession.swift */; };
		153DEFF50223301971F612EB /* ImageThumbnailerTests.swift in Sources */ = {isa = PBXBuildFile; fileRef = 43E26685CF3D07C86D6EC4A1 /* ImageThumbnailerTests.swift */; };
		15FE3F137E95A4B53059FCDF /* IdentifyQuestionView.swift in Sources */ = {isa = PBXBuildFile; fileRef = 35235DD1F40B6E2B2D31A3F3 /* IdentifyQuestionView.swift */; };
		1910CE03337AEFD3EAC76BCF /* Assets.xcassets in Resources */ = {isa = PBXBuildFile; fileRef = F03FD643277470D745D53F47 /* Assets.xcassets */; };
		1DA43621059DD691264D30D8 /* CloudsUITests.swift in Sources */ = {isa = PBXBuildFile; fileRef = 4E97BB4E6FA0306E3C89B863 /* CloudsUITests.swift */; };
		1E9E7D26EDD33F3DC225AD08 /* HistoryEntry.swift in Sources */ = {isa = PBXBuildFile; fileRef = 3D173CD5EEACD898327D42A5 /* HistoryEntry.swift */; };
		25C77F50A0C7E8A586FCEEA3 /* ReverseGeocoder.swift in Sources */ = {isa = PBXBuildFile; fileRef = 605A84C58DE7A43AAAAEA601 /* ReverseGeocoder.swift */; };
		26E51452D02CD3067C744F70 /* CapturedLocation.swift in Sources */ = {isa = PBXBuildFile; fileRef = 11DF87BDBAFF50BC9FF99620 /* CapturedLocation.swift */; };
		2A14A98B68C2CE9FEE2E0A51 /* PhotoCaptureDateExtractorTests.swift in Sources */ = {isa = PBXBuildFile; fileRef = 5C9A8E76F0F00A121475B5DF /* PhotoCaptureDateExtractorTests.swift */; };
		2BEEF198249F7F93FA58B04D /* IdentificationSessionTests.swift in Sources */ = {isa = PBXBuildFile; fileRef = 1A6A1F778BA3BA49B5B042FD /* IdentificationSessionTests.swift */; };
		32E05F7EFBE924C335502760 /* LocationProvider.swift in Sources */ = {isa = PBXBuildFile; fileRef = CF91AC6FC8F5E11FD2D976B7 /* LocationProvider.swift */; };
		355CEEFA412E978237F8CCBB /* WeatherProvider.swift in Sources */ = {isa = PBXBuildFile; fileRef = 80B7FFCDE3DECEC6C5189C81 /* WeatherProvider.swift */; };
		37F0B8760E07F1A29279E224 /* CameraCaptureView.swift in Sources */ = {isa = PBXBuildFile; fileRef = 5F82A8AB3F7FA9A527959241 /* CameraCaptureView.swift */; };
		3BA80C2923281AFD2335F2BB /* CameraAuthorization.swift in Sources */ = {isa = PBXBuildFile; fileRef = 239FDE89ADF1DE98BF1E059C /* CameraAuthorization.swift */; };
		41CF4589C1F3410E0AAB7190 /* IdentifySkyConditionsView.swift in Sources */ = {isa = PBXBuildFile; fileRef = AC054878F271CD8B53CCD0DC /* IdentifySkyConditionsView.swift */; };
		4205DC43D0AF16F6FEBDDF6F /* ConditionalProbabilityTable.swift in Sources */ = {isa = PBXBuildFile; fileRef = 9A702925077EDF186478E73B /* ConditionalProbabilityTable.swift */; };
		435A5E280FE3181D1D4A19C0 /* ObservationRow.swift in Sources */ = {isa = PBXBuildFile; fileRef = 1AE63D7736A6F418E47C0EC1 /* ObservationRow.swift */; };
		4867F34167C9CEDE855BFA4E /* PhotoCaptureDateExtractor.swift in Sources */ = {isa = PBXBuildFile; fileRef = 04F0A63F48F04BFCBF2A6DFC /* PhotoCaptureDateExtractor.swift */; };
		4961F241FB3FD94E6B541E4D /* CloudCoverDial.swift in Sources */ = {isa = PBXBuildFile; fileRef = D438944F91B6DCEC460C6934 /* CloudCoverDial.swift */; };
		4A4FCBFA40AC20AF26317727 /* ElementSmallerThanOneFinger.json in Resources */ = {isa = PBXBuildFile; fileRef = 04C2821079C3B8F669B9F86B /* ElementSmallerThanOneFinger.json */; };
		4D0EABE766627635FAC8555E /* QuestionDefinition.swift in Sources */ = {isa = PBXBuildFile; fileRef = 6BCB130AAEDCEC9C6D151ACD /* QuestionDefinition.swift */; };
		4D7ABE83BA7335AB697327BC /* BayesianNetworkTests.swift in Sources */ = {isa = PBXBuildFile; fileRef = 32F8B734E98C54B34061208E /* BayesianNetworkTests.swift */; };
		56A0235A63346D9DD98E4EB4 /* FuzzyUpperOutline.json in Resources */ = {isa = PBXBuildFile; fileRef = 679E51AFEC31360BF59FD5D3 /* FuzzyUpperOutline.json */; };
		5AF6D534768EA74054AD5F9F /* IdentificationCatalog.swift in Sources */ = {isa = PBXBuildFile; fileRef = 6F241FD23AD7F3B59F30F10A /* IdentificationCatalog.swift */; };
		5E5B67C470292F15A3664C16 /* IdentifyView.swift in Sources */ = {isa = PBXBuildFile; fileRef = 6723EF65DA1BBEB49FABC321 /* IdentifyView.swift */; };
		61939F7505ADCA08D5229DA4 /* WhiteWispyFibres.json in Resources */ = {isa = PBXBuildFile; fileRef = 672A070EF3B0822E0BC0B09E /* WhiteWispyFibres.json */; };
		6573685E3EABCBAB09576A27 /* BayesianNetworkFileTests.swift in Sources */ = {isa = PBXBuildFile; fileRef = 9B9143FD4EBE882E8F881C48 /* BayesianNetworkFileTests.swift */; };
		6C428D2FB3E9E848886F9DDB /* UniformLayerNoElements.json in Resources */ = {isa = PBXBuildFile; fileRef = 3A2DF7AA241887CD58513687 /* UniformLayerNoElements.json */; };
		7A8EA0F72266141ED7247035 /* ImageThumbnailer.swift in Sources */ = {isa = PBXBuildFile; fileRef = B85C5E80A89C3E64CD74B306 /* ImageThumbnailer.swift */; };
		85A2AF714D075CEA973D3FF5 /* BayesianNetworkFileNode.swift in Sources */ = {isa = PBXBuildFile; fileRef = CF83FDE6FE19C308F55C1551 /* BayesianNetworkFileNode.swift */; };
		8D341620A9368821BA5B6571 /* CloudsTests.swift in Sources */ = {isa = PBXBuildFile; fileRef = B07E36FBD2E4069F00893290 /* CloudsTests.swift */; };
		97CCA870806DC21020A05EC6 /* SunOrMoonBrightPatch.json in Resources */ = {isa = PBXBuildFile; fileRef = CE320D13DD2209A18A8D3ECD /* SunOrMoonBrightPatch.json */; };
		9EB55AE6DFCDC212052AB13A /* SkyConditionsTests.swift in Sources */ = {isa = PBXBuildFile; fileRef = E04E23939C94B8B42F6C23D7 /* SkyConditionsTests.swift */; };
		A02F59C811B21E1407D8F250 /* SchemaError.swift in Sources */ = {isa = PBXBuildFile; fileRef = F358E1EBEDC2898244A3031C /* SchemaError.swift */; };
		A05ABE4A05FD862997F5F79C /* BulgingHeapsOrDomes.json in Resources */ = {isa = PBXBuildFile; fileRef = 74FD05B2BA4FA2289FD625D1 /* BulgingHeapsOrDomes.json */; };
		A57E135D481577A7537EA34D /* PhotoGPSCoordinateExtractor.swift in Sources */ = {isa = PBXBuildFile; fileRef = 2708D0E2C7E5524B77DB6A37 /* PhotoGPSCoordinateExtractor.swift */; };
		A6FED8BE84B75700F03448FD /* ElevatedGreySheet.json in Resources */ = {isa = PBXBuildFile; fileRef = FB1315337268972F0CEAF892 /* ElevatedGreySheet.json */; };
		A8B816057DCE1C21DF07E04E /* PhotoGPSCoordinateExtractorTests.swift in Sources */ = {isa = PBXBuildFile; fileRef = FB0ABB030748BF969C83E240 /* PhotoGPSCoordinateExtractorTests.swift */; };
		A96E6F8EDCF0B5405CC671A4 /* CloudsUITestsLaunchTests.swift in Sources */ = {isa = PBXBuildFile; fileRef = 00322B04CE1C57B1E6452CF4 /* CloudsUITestsLaunchTests.swift */; };
		B1C0590E823ADC0CAE8C4891 /* QuestionAnswer.swift in Sources */ = {isa = PBXBuildFile; fileRef = DAD499EB07C78B41C91EEB0C /* QuestionAnswer.swift */; };
		B7674EEBC6079942D18D0325 /* BayesianNetwork+Inference.swift in Sources */ = {isa = PBXBuildFile; fileRef = 4D630CD3DE67D860E4971821 /* BayesianNetwork+Inference.swift */; };
		B7C92C201A566730D7AAA36A /* QuestionDefinitionTests.swift in Sources */ = {isa = PBXBuildFile; fileRef = B389BBCBF8A90F12B369D14D /* QuestionDefinitionTests.swift */; };
		C11624CE051975D66084F9D1 /* CloudGenus.swift in Sources */ = {isa = PBXBuildFile; fileRef = 76C0B37358FFBD1E01C627FC /* CloudGenus.swift */; };
		C4FECE0CFED005FB4985E646 /* WeatherSummaryView.swift in Sources */ = {isa = PBXBuildFile; fileRef = 6FCF2D4EA2CCA5CD2F1CC921 /* WeatherSummaryView.swift */; };
		C7AB1D674BE124DCC73B4FB2 /* BayesianNetworkFileCPTRow.swift in Sources */ = {isa = PBXBuildFile; fileRef = ADCB107D714889A4D4378AC2 /* BayesianNetworkFileCPTRow.swift */; };
		C9F7FA330DE4BBE876847066 /* IdentifyResultView.swift in Sources */ = {isa = PBXBuildFile; fileRef = 9101201FF2D5D81A7BADBA9B /* IdentifyResultView.swift */; };
		CF1277D20E19AEFF91B64B05 /* ElementOneToThreeFingers.json in Resources */ = {isa = PBXBuildFile; fileRef = EB12330E34D9AE1B1CC3B75E /* ElementOneToThreeFingers.json */; };
		CFA2420D838A886542163FE0 /* CloudsApp.swift in Sources */ = {isa = PBXBuildFile; fileRef = 98CCDD66D32EF7CE61976689 /* CloudsApp.swift */; };
		D23DDB89C225C908EDC51DF4 /* IdentificationCatalogTests.swift in Sources */ = {isa = PBXBuildFile; fileRef = DCA3E2E1B6AF160ADAE49BCC /* IdentificationCatalogTests.swift */; };
		D4B88AC0CD705357C8537AE4 /* DenseWetLowerLayer.json in Resources */ = {isa = PBXBuildFile; fileRef = 16B54034A604CC69042AE4CE /* DenseWetLowerLayer.json */; };
		DA04EA594D465962F3AC99AD /* BayesianNetworkTypes.swift in Sources */ = {isa = PBXBuildFile; fileRef = 7DAAE73F981E1B912FFB38F0 /* BayesianNetworkTypes.swift */; };
		DA2F47AF2D6C218AC5441FAF /* BayesianNetworkFile.swift in Sources */ = {isa = PBXBuildFile; fileRef = E702BF2101569DA4774C95AF /* BayesianNetworkFile.swift */; };
		E3CADD68F04D3A632C6B83CD /* BayesianNetwork.swift in Sources */ = {isa = PBXBuildFile; fileRef = 22913B2E238E33E6A578D0FC /* BayesianNetwork.swift */; };
		EAB04F55912F2AD7890626F7 /* CloudCoverDialTests.swift in Sources */ = {isa = PBXBuildFile; fileRef = 208874B36C713B6FF267BAFA /* CloudCoverDialTests.swift */; };
		EB20768A9A9CF2CA20F9E1FA /* IdentifyPhotoView.swift in Sources */ = {isa = PBXBuildFile; fileRef = 52BE934C340B633C51357138 /* IdentifyPhotoView.swift */; };
		EBB74A52309FFD490D78D65E /* SkyConditionsSummaryView.swift in Sources */ = {isa = PBXBuildFile; fileRef = 45AC661D16D07796AE4CA18A /* SkyConditionsSummaryView.swift */; };
		F01FA4F30CB44E03DFF2B0CE /* SkyConditions.swift in Sources */ = {isa = PBXBuildFile; fileRef = B4B4B5ADFC1B45A6E53989BA /* SkyConditions.swift */; };
		F40B5B3B6439819B78BFF2D3 /* genus-network.json in Resources */ = {isa = PBXBuildFile; fileRef = F0C3A25C83679D0EAFE9D653 /* genus-network.json */; };
		F8990189EF5269D8146FE379 /* HistoryEntryTests.swift in Sources */ = {isa = PBXBuildFile; fileRef = 88B3CF94B4D7936B3B40150A /* HistoryEntryTests.swift */; };
		FAFE19F7B982005E7730CDE8 /* PhotoOrigin.swift in Sources */ = {isa = PBXBuildFile; fileRef = 7336203359A0D8A3B8E2BF5D /* PhotoOrigin.swift */; };
/* End PBXBuildFile section */

/* Begin PBXContainerItemProxy section */
		486D74450EB2F9A2DFB1F56F /* PBXContainerItemProxy */ = {
			isa = PBXContainerItemProxy;
			containerPortal = B316FFC8514378BC24A55769 /* Project object */;
			proxyType = 1;
			remoteGlobalIDString = 1A4C456ED78B0C0624C4F47E;
			remoteInfo = Clouds;
		};
		8F779E78F6A77440DED53D0B /* PBXContainerItemProxy */ = {
			isa = PBXContainerItemProxy;
			containerPortal = B316FFC8514378BC24A55769 /* Project object */;
			proxyType = 1;
			remoteGlobalIDString = 1A4C456ED78B0C0624C4F47E;
			remoteInfo = Clouds;
		};
/* End PBXContainerItemProxy section */

/* Begin PBXFileReference section */
		00322B04CE1C57B1E6452CF4 /* CloudsUITestsLaunchTests.swift */ = {isa = PBXFileReference; lastKnownFileType = sourcecode.swift; path = CloudsUITestsLaunchTests.swift; sourceTree = "<group>"; };
		04C2821079C3B8F669B9F86B /* ElementSmallerThanOneFinger.json */ = {isa = PBXFileReference; lastKnownFileType = text.json; path = ElementSmallerThanOneFinger.json; sourceTree = "<group>"; };
		04F0A63F48F04BFCBF2A6DFC /* PhotoCaptureDateExtractor.swift */ = {isa = PBXFileReference; lastKnownFileType = sourcecode.swift; path = PhotoCaptureDateExtractor.swift; sourceTree = "<group>"; };
		084698C267707E6D1131D0E9 /* CloudsTests.xctest */ = {isa = PBXFileReference; includeInIndex = 0; lastKnownFileType = wrapper.cfbundle; path = CloudsTests.xctest; sourceTree = BUILT_PRODUCTS_DIR; };
		0C0A96F0468D5545E8EEAB81 /* Clouds.entitlements */ = {isa = PBXFileReference; lastKnownFileType = text.plist.entitlements; path = Clouds.entitlements; sourceTree = "<group>"; };
		11DF87BDBAFF50BC9FF99620 /* CapturedLocation.swift */ = {isa = PBXFileReference; lastKnownFileType = sourcecode.swift; path = CapturedLocation.swift; sourceTree = "<group>"; };
		16B54034A604CC69042AE4CE /* DenseWetLowerLayer.json */ = {isa = PBXFileReference; lastKnownFileType = text.json; path = DenseWetLowerLayer.json; sourceTree = "<group>"; };
		1A6A1F778BA3BA49B5B042FD /* IdentificationSessionTests.swift */ = {isa = PBXFileReference; lastKnownFileType = sourcecode.swift; path = IdentificationSessionTests.swift; sourceTree = "<group>"; };
		1AE63D7736A6F418E47C0EC1 /* ObservationRow.swift */ = {isa = PBXFileReference; lastKnownFileType = sourcecode.swift; path = ObservationRow.swift; sourceTree = "<group>"; };
		208874B36C713B6FF267BAFA /* CloudCoverDialTests.swift */ = {isa = PBXFileReference; lastKnownFileType = sourcecode.swift; path = CloudCoverDialTests.swift; sourceTree = "<group>"; };
		22913B2E238E33E6A578D0FC /* BayesianNetwork.swift */ = {isa = PBXFileReference; lastKnownFileType = sourcecode.swift; path = BayesianNetwork.swift; sourceTree = "<group>"; };
		239FDE89ADF1DE98BF1E059C /* CameraAuthorization.swift */ = {isa = PBXFileReference; lastKnownFileType = sourcecode.swift; path = CameraAuthorization.swift; sourceTree = "<group>"; };
		2708D0E2C7E5524B77DB6A37 /* PhotoGPSCoordinateExtractor.swift */ = {isa = PBXFileReference; lastKnownFileType = sourcecode.swift; path = PhotoGPSCoordinateExtractor.swift; sourceTree = "<group>"; };
		32F8B734E98C54B34061208E /* BayesianNetworkTests.swift */ = {isa = PBXFileReference; lastKnownFileType = sourcecode.swift; path = BayesianNetworkTests.swift; sourceTree = "<group>"; };
		35235DD1F40B6E2B2D31A3F3 /* IdentifyQuestionView.swift */ = {isa = PBXFileReference; lastKnownFileType = sourcecode.swift; path = IdentifyQuestionView.swift; sourceTree = "<group>"; };
		3A2DF7AA241887CD58513687 /* UniformLayerNoElements.json */ = {isa = PBXFileReference; lastKnownFileType = text.json; path = UniformLayerNoElements.json; sourceTree = "<group>"; };
		3D173CD5EEACD898327D42A5 /* HistoryEntry.swift */ = {isa = PBXFileReference; lastKnownFileType = sourcecode.swift; path = HistoryEntry.swift; sourceTree = "<group>"; };
		43E26685CF3D07C86D6EC4A1 /* ImageThumbnailerTests.swift */ = {isa = PBXFileReference; lastKnownFileType = sourcecode.swift; path = ImageThumbnailerTests.swift; sourceTree = "<group>"; };
		45AC661D16D07796AE4CA18A /* SkyConditionsSummaryView.swift */ = {isa = PBXFileReference; lastKnownFileType = sourcecode.swift; path = SkyConditionsSummaryView.swift; sourceTree = "<group>"; };
		46EA4F7C788DB82047969F09 /* BayesianNetworkNode.swift */ = {isa = PBXFileReference; lastKnownFileType = sourcecode.swift; path = BayesianNetworkNode.swift; sourceTree = "<group>"; };
		4BCA3E4178256FE2FE6805FE /* CloudsUITests.xctest */ = {isa = PBXFileReference; includeInIndex = 0; lastKnownFileType = wrapper.cfbundle; path = CloudsUITests.xctest; sourceTree = BUILT_PRODUCTS_DIR; };
		4D630CD3DE67D860E4971821 /* BayesianNetwork+Inference.swift */ = {isa = PBXFileReference; lastKnownFileType = sourcecode.swift; path = "BayesianNetwork+Inference.swift"; sourceTree = "<group>"; };
		4E97BB4E6FA0306E3C89B863 /* CloudsUITests.swift */ = {isa = PBXFileReference; lastKnownFileType = sourcecode.swift; path = CloudsUITests.swift; sourceTree = "<group>"; };
		52716D289115DBB34EDCF4A6 /* CloudObservation.swift */ = {isa = PBXFileReference; lastKnownFileType = sourcecode.swift; path = CloudObservation.swift; sourceTree = "<group>"; };
		52BE934C340B633C51357138 /* IdentifyPhotoView.swift */ = {isa = PBXFileReference; lastKnownFileType = sourcecode.swift; path = IdentifyPhotoView.swift; sourceTree = "<group>"; };
		5AF6C397400C0A8328B12AB8 /* GenusNetworkContentTests.swift */ = {isa = PBXFileReference; lastKnownFileType = sourcecode.swift; path = GenusNetworkContentTests.swift; sourceTree = "<group>"; };
		5C9A8E76F0F00A121475B5DF /* PhotoCaptureDateExtractorTests.swift */ = {isa = PBXFileReference; lastKnownFileType = sourcecode.swift; path = PhotoCaptureDateExtractorTests.swift; sourceTree = "<group>"; };
		5F82A8AB3F7FA9A527959241 /* CameraCaptureView.swift */ = {isa = PBXFileReference; lastKnownFileType = sourcecode.swift; path = CameraCaptureView.swift; sourceTree = "<group>"; };
		605A84C58DE7A43AAAAEA601 /* ReverseGeocoder.swift */ = {isa = PBXFileReference; lastKnownFileType = sourcecode.swift; path = ReverseGeocoder.swift; sourceTree = "<group>"; };
		6723EF65DA1BBEB49FABC321 /* IdentifyView.swift */ = {isa = PBXFileReference; lastKnownFileType = sourcecode.swift; path = IdentifyView.swift; sourceTree = "<group>"; };
		672A070EF3B0822E0BC0B09E /* WhiteWispyFibres.json */ = {isa = PBXFileReference; lastKnownFileType = text.json; path = WhiteWispyFibres.json; sourceTree = "<group>"; };
		679E51AFEC31360BF59FD5D3 /* FuzzyUpperOutline.json */ = {isa = PBXFileReference; lastKnownFileType = text.json; path = FuzzyUpperOutline.json; sourceTree = "<group>"; };
		6AFBE492B520E3F1D3E63206 /* LightningOrThunder.json */ = {isa = PBXFileReference; lastKnownFileType = text.json; path = LightningOrThunder.json; sourceTree = "<group>"; };
		6BCB130AAEDCEC9C6D151ACD /* QuestionDefinition.swift */ = {isa = PBXFileReference; lastKnownFileType = sourcecode.swift; path = QuestionDefinition.swift; sourceTree = "<group>"; };
		6F241FD23AD7F3B59F30F10A /* IdentificationCatalog.swift */ = {isa = PBXFileReference; lastKnownFileType = sourcecode.swift; path = IdentificationCatalog.swift; sourceTree = "<group>"; };
		6FCF2D4EA2CCA5CD2F1CC921 /* WeatherSummaryView.swift */ = {isa = PBXFileReference; lastKnownFileType = sourcecode.swift; path = WeatherSummaryView.swift; sourceTree = "<group>"; };
		7336203359A0D8A3B8E2BF5D /* PhotoOrigin.swift */ = {isa = PBXFileReference; lastKnownFileType = sourcecode.swift; path = PhotoOrigin.swift; sourceTree = "<group>"; };
		74FD05B2BA4FA2289FD625D1 /* BulgingHeapsOrDomes.json */ = {isa = PBXFileReference; lastKnownFileType = text.json; path = BulgingHeapsOrDomes.json; sourceTree = "<group>"; };
		76C0B37358FFBD1E01C627FC /* CloudGenus.swift */ = {isa = PBXFileReference; lastKnownFileType = sourcecode.swift; path = CloudGenus.swift; sourceTree = "<group>"; };
		79A7741295E9D52AF5A9C4EB /* Clouds.app */ = {isa = PBXFileReference; includeInIndex = 0; lastKnownFileType = wrapper.application; path = Clouds.app; sourceTree = BUILT_PRODUCTS_DIR; };
		7DAAE73F981E1B912FFB38F0 /* BayesianNetworkTypes.swift */ = {isa = PBXFileReference; lastKnownFileType = sourcecode.swift; path = BayesianNetworkTypes.swift; sourceTree = "<group>"; };
		80B7FFCDE3DECEC6C5189C81 /* WeatherProvider.swift */ = {isa = PBXFileReference; lastKnownFileType = sourcecode.swift; path = WeatherProvider.swift; sourceTree = "<group>"; };
		88B3CF94B4D7936B3B40150A /* HistoryEntryTests.swift */ = {isa = PBXFileReference; lastKnownFileType = sourcecode.swift; path = HistoryEntryTests.swift; sourceTree = "<group>"; };
		9101201FF2D5D81A7BADBA9B /* IdentifyResultView.swift */ = {isa = PBXFileReference; lastKnownFileType = sourcecode.swift; path = IdentifyResultView.swift; sourceTree = "<group>"; };
		98CCDD66D32EF7CE61976689 /* CloudsApp.swift */ = {isa = PBXFileReference; lastKnownFileType = sourcecode.swift; path = CloudsApp.swift; sourceTree = "<group>"; };
		9A702925077EDF186478E73B /* ConditionalProbabilityTable.swift */ = {isa = PBXFileReference; lastKnownFileType = sourcecode.swift; path = ConditionalProbabilityTable.swift; sourceTree = "<group>"; };
		9B9143FD4EBE882E8F881C48 /* BayesianNetworkFileTests.swift */ = {isa = PBXFileReference; lastKnownFileType = sourcecode.swift; path = BayesianNetworkFileTests.swift; sourceTree = "<group>"; };
		A907BFB6E840EFB9088F386C /* HistoryView.swift */ = {isa = PBXFileReference; lastKnownFileType = sourcecode.swift; path = HistoryView.swift; sourceTree = "<group>"; };
		AC054878F271CD8B53CCD0DC /* IdentifySkyConditionsView.swift */ = {isa = PBXFileReference; lastKnownFileType = sourcecode.swift; path = IdentifySkyConditionsView.swift; sourceTree = "<group>"; };
		ADCB107D714889A4D4378AC2 /* BayesianNetworkFileCPTRow.swift */ = {isa = PBXFileReference; lastKnownFileType = sourcecode.swift; path = BayesianNetworkFileCPTRow.swift; sourceTree = "<group>"; };
		B07E36FBD2E4069F00893290 /* CloudsTests.swift */ = {isa = PBXFileReference; lastKnownFileType = sourcecode.swift; path = CloudsTests.swift; sourceTree = "<group>"; };
		B389BBCBF8A90F12B369D14D /* QuestionDefinitionTests.swift */ = {isa = PBXFileReference; lastKnownFileType = sourcecode.swift; path = QuestionDefinitionTests.swift; sourceTree = "<group>"; };
		B4B4B5ADFC1B45A6E53989BA /* SkyConditions.swift */ = {isa = PBXFileReference; lastKnownFileType = sourcecode.swift; path = SkyConditions.swift; sourceTree = "<group>"; };
		B85C5E80A89C3E64CD74B306 /* ImageThumbnailer.swift */ = {isa = PBXFileReference; lastKnownFileType = sourcecode.swift; path = ImageThumbnailer.swift; sourceTree = "<group>"; };
		C7F82D5F2E6BF1E209E50399 /* IdentificationSession.swift */ = {isa = PBXFileReference; lastKnownFileType = sourcecode.swift; path = IdentificationSession.swift; sourceTree = "<group>"; };
		C9E1F1C0088EF73B31FFB761 /* Shared.xcconfig */ = {isa = PBXFileReference; lastKnownFileType = text.xcconfig; path = Shared.xcconfig; sourceTree = "<group>"; };
		CE320D13DD2209A18A8D3ECD /* SunOrMoonBrightPatch.json */ = {isa = PBXFileReference; lastKnownFileType = text.json; path = SunOrMoonBrightPatch.json; sourceTree = "<group>"; };
		CF83FDE6FE19C308F55C1551 /* BayesianNetworkFileNode.swift */ = {isa = PBXFileReference; lastKnownFileType = sourcecode.swift; path = BayesianNetworkFileNode.swift; sourceTree = "<group>"; };
		CF91AC6FC8F5E11FD2D976B7 /* LocationProvider.swift */ = {isa = PBXFileReference; lastKnownFileType = sourcecode.swift; path = LocationProvider.swift; sourceTree = "<group>"; };
		D06EED6AADC2C4B097722EC3 /* CloudGenusTests.swift */ = {isa = PBXFileReference; lastKnownFileType = sourcecode.swift; path = CloudGenusTests.swift; sourceTree = "<group>"; };
		D438944F91B6DCEC460C6934 /* CloudCoverDial.swift */ = {isa = PBXFileReference; lastKnownFileType = sourcecode.swift; path = CloudCoverDial.swift; sourceTree = "<group>"; };
		DAD499EB07C78B41C91EEB0C /* QuestionAnswer.swift */ = {isa = PBXFileReference; lastKnownFileType = sourcecode.swift; path = QuestionAnswer.swift; sourceTree = "<group>"; };
		DCA3E2E1B6AF160ADAE49BCC /* IdentificationCatalogTests.swift */ = {isa = PBXFileReference; lastKnownFileType = sourcecode.swift; path = IdentificationCatalogTests.swift; sourceTree = "<group>"; };
		E04E23939C94B8B42F6C23D7 /* SkyConditionsTests.swift */ = {isa = PBXFileReference; lastKnownFileType = sourcecode.swift; path = SkyConditionsTests.swift; sourceTree = "<group>"; };
		E702BF2101569DA4774C95AF /* BayesianNetworkFile.swift */ = {isa = PBXFileReference; lastKnownFileType = sourcecode.swift; path = BayesianNetworkFile.swift; sourceTree = "<group>"; };
		EB12330E34D9AE1B1CC3B75E /* ElementOneToThreeFingers.json */ = {isa = PBXFileReference; lastKnownFileType = text.json; path = ElementOneToThreeFingers.json; sourceTree = "<group>"; };
		F03FD643277470D745D53F47 /* Assets.xcassets */ = {isa = PBXFileReference; lastKnownFileType = folder.assetcatalog; path = Assets.xcassets; sourceTree = "<group>"; };
		F0C3A25C83679D0EAFE9D653 /* genus-network.json */ = {isa = PBXFileReference; lastKnownFileType = text.json; path = "genus-network.json"; sourceTree = "<group>"; };
		F358E1EBEDC2898244A3031C /* SchemaError.swift */ = {isa = PBXFileReference; lastKnownFileType = sourcecode.swift; path = SchemaError.swift; sourceTree = "<group>"; };
		FB0ABB030748BF969C83E240 /* PhotoGPSCoordinateExtractorTests.swift */ = {isa = PBXFileReference; lastKnownFileType = sourcecode.swift; path = PhotoGPSCoordinateExtractorTests.swift; sourceTree = "<group>"; };
		FB1315337268972F0CEAF892 /* ElevatedGreySheet.json */ = {isa = PBXFileReference; lastKnownFileType = text.json; path = ElevatedGreySheet.json; sourceTree = "<group>"; };
/* End PBXFileReference section */

/* Begin PBXGroup section */
		1D2E3F2502A40E3978BDEC3F /* BayesianNetwork */ = {
			isa = PBXGroup;
			children = (
				22913B2E238E33E6A578D0FC /* BayesianNetwork.swift */,
				4D630CD3DE67D860E4971821 /* BayesianNetwork+Inference.swift */,
				46EA4F7C788DB82047969F09 /* BayesianNetworkNode.swift */,
				7DAAE73F981E1B912FFB38F0 /* BayesianNetworkTypes.swift */,
				9A702925077EDF186478E73B /* ConditionalProbabilityTable.swift */,
				6C0799D723F3F293A26F2DC8 /* Schema */,
			);
			path = BayesianNetwork;
			sourceTree = "<group>";
		};
		3B1174B397A74CE886FE1DA6 /* CloudsUITests */ = {
			isa = PBXGroup;
			children = (
				4E97BB4E6FA0306E3C89B863 /* CloudsUITests.swift */,
				00322B04CE1C57B1E6452CF4 /* CloudsUITestsLaunchTests.swift */,
			);
			path = CloudsUITests;
			sourceTree = "<group>";
		};
		3EB3A8F3088DE77C22A4D211 /* Questions */ = {
			isa = PBXGroup;
			children = (
				74FD05B2BA4FA2289FD625D1 /* BulgingHeapsOrDomes.json */,
				16B54034A604CC69042AE4CE /* DenseWetLowerLayer.json */,
				EB12330E34D9AE1B1CC3B75E /* ElementOneToThreeFingers.json */,
				04C2821079C3B8F669B9F86B /* ElementSmallerThanOneFinger.json */,
				FB1315337268972F0CEAF892 /* ElevatedGreySheet.json */,
				679E51AFEC31360BF59FD5D3 /* FuzzyUpperOutline.json */,
				6AFBE492B520E3F1D3E63206 /* LightningOrThunder.json */,
				CE320D13DD2209A18A8D3ECD /* SunOrMoonBrightPatch.json */,
				3A2DF7AA241887CD58513687 /* UniformLayerNoElements.json */,
				672A070EF3B0822E0BC0B09E /* WhiteWispyFibres.json */,
			);
			path = Questions;
			sourceTree = "<group>";
		};
		458EBBE8CDBA8F8E351E4707 /* Resources */ = {
			isa = PBXGroup;
			children = (
				AA8EE3CAEF787596F377D5B1 /* BayesianNetwork */,
				3EB3A8F3088DE77C22A4D211 /* Questions */,
			);
			path = Resources;
			sourceTree = "<group>";
		};
		6C0799D723F3F293A26F2DC8 /* Schema */ = {
			isa = PBXGroup;
			children = (
				E702BF2101569DA4774C95AF /* BayesianNetworkFile.swift */,
				ADCB107D714889A4D4378AC2 /* BayesianNetworkFileCPTRow.swift */,
				CF83FDE6FE19C308F55C1551 /* BayesianNetworkFileNode.swift */,
				DAD499EB07C78B41C91EEB0C /* QuestionAnswer.swift */,
				6BCB130AAEDCEC9C6D151ACD /* QuestionDefinition.swift */,
				F358E1EBEDC2898244A3031C /* SchemaError.swift */,
			);
			path = Schema;
			sourceTree = "<group>";
		};
		7E0A96AF2DC7132A2171EB64 /* Products */ = {
			isa = PBXGroup;
			children = (
				79A7741295E9D52AF5A9C4EB /* Clouds.app */,
				084698C267707E6D1131D0E9 /* CloudsTests.xctest */,
				4BCA3E4178256FE2FE6805FE /* CloudsUITests.xctest */,
			);
			name = Products;
			sourceTree = "<group>";
		};
		7F738149284A2A5DBF68BBC6 /* Identify */ = {
			isa = PBXGroup;
			children = (
				5F82A8AB3F7FA9A527959241 /* CameraCaptureView.swift */,
				D438944F91B6DCEC460C6934 /* CloudCoverDial.swift */,
				52BE934C340B633C51357138 /* IdentifyPhotoView.swift */,
				35235DD1F40B6E2B2D31A3F3 /* IdentifyQuestionView.swift */,
				9101201FF2D5D81A7BADBA9B /* IdentifyResultView.swift */,
				AC054878F271CD8B53CCD0DC /* IdentifySkyConditionsView.swift */,
				6723EF65DA1BBEB49FABC321 /* IdentifyView.swift */,
				7336203359A0D8A3B8E2BF5D /* PhotoOrigin.swift */,
				45AC661D16D07796AE4CA18A /* SkyConditionsSummaryView.swift */,
				6FCF2D4EA2CCA5CD2F1CC921 /* WeatherSummaryView.swift */,
			);
			path = Identify;
			sourceTree = "<group>";
		};
		8BC09333931520B5875D30E9 /* History */ = {
			isa = PBXGroup;
			children = (
				A907BFB6E840EFB9088F386C /* HistoryView.swift */,
				1AE63D7736A6F418E47C0EC1 /* ObservationRow.swift */,
			);
			path = History;
			sourceTree = "<group>";
		};
		91DF4DECDD1CE6C09EC58911 /* Config */ = {
			isa = PBXGroup;
			children = (
				C9E1F1C0088EF73B31FFB761 /* Shared.xcconfig */,
			);
			path = Config;
			sourceTree = "<group>";
		};
		A0AA0AB20D20EB4E75117D4B = {
			isa = PBXGroup;
			children = (
				FBFFE35CA8C859AEEACBCA39 /* Clouds */,
				A727DA03CCA1CEB578432A2A /* CloudsTests */,
				3B1174B397A74CE886FE1DA6 /* CloudsUITests */,
				91DF4DECDD1CE6C09EC58911 /* Config */,
				7E0A96AF2DC7132A2171EB64 /* Products */,
			);
			sourceTree = "<group>";
		};
		A727DA03CCA1CEB578432A2A /* CloudsTests */ = {
			isa = PBXGroup;
			children = (
				9B9143FD4EBE882E8F881C48 /* BayesianNetworkFileTests.swift */,
				32F8B734E98C54B34061208E /* BayesianNetworkTests.swift */,
				208874B36C713B6FF267BAFA /* CloudCoverDialTests.swift */,
				D06EED6AADC2C4B097722EC3 /* CloudGenusTests.swift */,
				B07E36FBD2E4069F00893290 /* CloudsTests.swift */,
				5AF6C397400C0A8328B12AB8 /* GenusNetworkContentTests.swift */,
				88B3CF94B4D7936B3B40150A /* HistoryEntryTests.swift */,
				DCA3E2E1B6AF160ADAE49BCC /* IdentificationCatalogTests.swift */,
				1A6A1F778BA3BA49B5B042FD /* IdentificationSessionTests.swift */,
				43E26685CF3D07C86D6EC4A1 /* ImageThumbnailerTests.swift */,
				5C9A8E76F0F00A121475B5DF /* PhotoCaptureDateExtractorTests.swift */,
				FB0ABB030748BF969C83E240 /* PhotoGPSCoordinateExtractorTests.swift */,
				B389BBCBF8A90F12B369D14D /* QuestionDefinitionTests.swift */,
				E04E23939C94B8B42F6C23D7 /* SkyConditionsTests.swift */,
			);
			path = CloudsTests;
			sourceTree = "<group>";
		};
		AA8EE3CAEF787596F377D5B1 /* BayesianNetwork */ = {
			isa = PBXGroup;
			children = (
				F0C3A25C83679D0EAFE9D653 /* genus-network.json */,
			);
			path = BayesianNetwork;
			sourceTree = "<group>";
		};
		B8793AB7356F3750A466389B /* Services */ = {
			isa = PBXGroup;
			children = (
				239FDE89ADF1DE98BF1E059C /* CameraAuthorization.swift */,
				11DF87BDBAFF50BC9FF99620 /* CapturedLocation.swift */,
				B85C5E80A89C3E64CD74B306 /* ImageThumbnailer.swift */,
				CF91AC6FC8F5E11FD2D976B7 /* LocationProvider.swift */,
				04F0A63F48F04BFCBF2A6DFC /* PhotoCaptureDateExtractor.swift */,
				2708D0E2C7E5524B77DB6A37 /* PhotoGPSCoordinateExtractor.swift */,
				605A84C58DE7A43AAAAEA601 /* ReverseGeocoder.swift */,
				80B7FFCDE3DECEC6C5189C81 /* WeatherProvider.swift */,
			);
			path = Services;
			sourceTree = "<group>";
		};
		F3E84C881602493A6953D535 /* Views */ = {
			isa = PBXGroup;
			children = (
				8BC09333931520B5875D30E9 /* History */,
				7F738149284A2A5DBF68BBC6 /* Identify */,
			);
			path = Views;
			sourceTree = "<group>";
		};
		F992DF084494FB26D2D322BE /* Models */ = {
			isa = PBXGroup;
			children = (
				52716D289115DBB34EDCF4A6 /* CloudObservation.swift */,
				3D173CD5EEACD898327D42A5 /* HistoryEntry.swift */,
				B4B4B5ADFC1B45A6E53989BA /* SkyConditions.swift */,
				1D2E3F2502A40E3978BDEC3F /* BayesianNetwork */,
				FFFE0C52C9689F8E6CCBA577 /* Identification */,
			);
			path = Models;
			sourceTree = "<group>";
		};
		FBFFE35CA8C859AEEACBCA39 /* Clouds */ = {
			isa = PBXGroup;
			children = (
				F03FD643277470D745D53F47 /* Assets.xcassets */,
				0C0A96F0468D5545E8EEAB81 /* Clouds.entitlements */,
				98CCDD66D32EF7CE61976689 /* CloudsApp.swift */,
				F992DF084494FB26D2D322BE /* Models */,
				458EBBE8CDBA8F8E351E4707 /* Resources */,
				B8793AB7356F3750A466389B /* Services */,
				F3E84C881602493A6953D535 /* Views */,
			);
			path = Clouds;
			sourceTree = "<group>";
		};
		FFFE0C52C9689F8E6CCBA577 /* Identification */ = {
			isa = PBXGroup;
			children = (
				76C0B37358FFBD1E01C627FC /* CloudGenus.swift */,
				6F241FD23AD7F3B59F30F10A /* IdentificationCatalog.swift */,
				C7F82D5F2E6BF1E209E50399 /* IdentificationSession.swift */,
			);
			path = Identification;
			sourceTree = "<group>";
		};
/* End PBXGroup section */

/* Begin PBXNativeTarget section */
		1A4C456ED78B0C0624C4F47E /* Clouds */ = {
			isa = PBXNativeTarget;
			buildConfigurationList = 903D8DBC413B12EB215921DA /* Build configuration list for PBXNativeTarget "Clouds" */;
			buildPhases = (
				ED5DAB3561D9432F2BADC80F /* Sources */,
				B4048851C39EFA8B94E2F773 /* Resources */,
			);
			buildRules = (
			);
			dependencies = (
			);
			name = Clouds;
			packageProductDependencies = (
			);
			productName = Clouds;
			productReference = 79A7741295E9D52AF5A9C4EB /* Clouds.app */;
			productType = "com.apple.product-type.application";
		};
		1DE4E00C36CCC42535F4B397 /* CloudsUITests */ = {
			isa = PBXNativeTarget;
			buildConfigurationList = FB534B1F820259F9B386D220 /* Build configuration list for PBXNativeTarget "CloudsUITests" */;
			buildPhases = (
				EAD378F9647FF03D428AA0A4 /* Sources */,
			);
			buildRules = (
			);
			dependencies = (
				8384D49793E7D598945A7CAF /* PBXTargetDependency */,
			);
			name = CloudsUITests;
			packageProductDependencies = (
			);
			productName = CloudsUITests;
			productReference = 4BCA3E4178256FE2FE6805FE /* CloudsUITests.xctest */;
			productType = "com.apple.product-type.bundle.ui-testing";
		};
		B97BF9B31AFC8B34AEF63981 /* CloudsTests */ = {
			isa = PBXNativeTarget;
			buildConfigurationList = 614BAB138AA0E9D1FE1B4AF2 /* Build configuration list for PBXNativeTarget "CloudsTests" */;
			buildPhases = (
				03EA3B4F5C49A940BA6672A8 /* Sources */,
			);
			buildRules = (
			);
			dependencies = (
				37628AA0728D2E4200F9B535 /* PBXTargetDependency */,
			);
			name = CloudsTests;
			packageProductDependencies = (
			);
			productName = CloudsTests;
			productReference = 084698C267707E6D1131D0E9 /* CloudsTests.xctest */;
			productType = "com.apple.product-type.bundle.unit-test";
		};
/* End PBXNativeTarget section */

/* Begin PBXProject section */
		B316FFC8514378BC24A55769 /* Project object */ = {
			isa = PBXProject;
			attributes = {
				BuildIndependentTargetsInParallel = YES;
				LastUpgradeCheck = 1430;
				TargetAttributes = {
					1DE4E00C36CCC42535F4B397 = {
						TestTargetID = 1A4C456ED78B0C0624C4F47E;
					};
				};
			};
			buildConfigurationList = 3127AE22647E708CEEE1D2A1 /* Build configuration list for PBXProject "Clouds" */;
			developmentRegion = en;
			hasScannedForEncodings = 0;
			knownRegions = (
				Base,
				en,
			);
			mainGroup = A0AA0AB20D20EB4E75117D4B;
			minimizedProjectReferenceProxies = 1;
			preferredProjectObjectVersion = 77;
			productRefGroup = 7E0A96AF2DC7132A2171EB64 /* Products */;
			projectDirPath = "";
			projectRoot = "";
			targets = (
				1A4C456ED78B0C0624C4F47E /* Clouds */,
				B97BF9B31AFC8B34AEF63981 /* CloudsTests */,
				1DE4E00C36CCC42535F4B397 /* CloudsUITests */,
			);
		};
/* End PBXProject section */

/* Begin PBXResourcesBuildPhase section */
		B4048851C39EFA8B94E2F773 /* Resources */ = {
			isa = PBXResourcesBuildPhase;
			buildActionMask = 2147483647;
			files = (
				1910CE03337AEFD3EAC76BCF /* Assets.xcassets in Resources */,
				A05ABE4A05FD862997F5F79C /* BulgingHeapsOrDomes.json in Resources */,
				D4B88AC0CD705357C8537AE4 /* DenseWetLowerLayer.json in Resources */,
				CF1277D20E19AEFF91B64B05 /* ElementOneToThreeFingers.json in Resources */,
				4A4FCBFA40AC20AF26317727 /* ElementSmallerThanOneFinger.json in Resources */,
				A6FED8BE84B75700F03448FD /* ElevatedGreySheet.json in Resources */,
				56A0235A63346D9DD98E4EB4 /* FuzzyUpperOutline.json in Resources */,
				07A0120563700F88EDE4FB09 /* LightningOrThunder.json in Resources */,
				97CCA870806DC21020A05EC6 /* SunOrMoonBrightPatch.json in Resources */,
				6C428D2FB3E9E848886F9DDB /* UniformLayerNoElements.json in Resources */,
				61939F7505ADCA08D5229DA4 /* WhiteWispyFibres.json in Resources */,
				F40B5B3B6439819B78BFF2D3 /* genus-network.json in Resources */,
			);
			runOnlyForDeploymentPostprocessing = 0;
		};
/* End PBXResourcesBuildPhase section */

/* Begin PBXSourcesBuildPhase section */
		03EA3B4F5C49A940BA6672A8 /* Sources */ = {
			isa = PBXSourcesBuildPhase;
			buildActionMask = 2147483647;
			files = (
				6573685E3EABCBAB09576A27 /* BayesianNetworkFileTests.swift in Sources */,
				4D7ABE83BA7335AB697327BC /* BayesianNetworkTests.swift in Sources */,
				EAB04F55912F2AD7890626F7 /* CloudCoverDialTests.swift in Sources */,
				090A60715653D48A9884E88B /* CloudGenusTests.swift in Sources */,
				8D341620A9368821BA5B6571 /* CloudsTests.swift in Sources */,
				0ACCFEE9E02806DE54295303 /* GenusNetworkContentTests.swift in Sources */,
				F8990189EF5269D8146FE379 /* HistoryEntryTests.swift in Sources */,
				D23DDB89C225C908EDC51DF4 /* IdentificationCatalogTests.swift in Sources */,
				2BEEF198249F7F93FA58B04D /* IdentificationSessionTests.swift in Sources */,
				153DEFF50223301971F612EB /* ImageThumbnailerTests.swift in Sources */,
				2A14A98B68C2CE9FEE2E0A51 /* PhotoCaptureDateExtractorTests.swift in Sources */,
				A8B816057DCE1C21DF07E04E /* PhotoGPSCoordinateExtractorTests.swift in Sources */,
				B7C92C201A566730D7AAA36A /* QuestionDefinitionTests.swift in Sources */,
				9EB55AE6DFCDC212052AB13A /* SkyConditionsTests.swift in Sources */,
			);
			runOnlyForDeploymentPostprocessing = 0;
		};
		EAD378F9647FF03D428AA0A4 /* Sources */ = {
			isa = PBXSourcesBuildPhase;
			buildActionMask = 2147483647;
			files = (
				1DA43621059DD691264D30D8 /* CloudsUITests.swift in Sources */,
				A96E6F8EDCF0B5405CC671A4 /* CloudsUITestsLaunchTests.swift in Sources */,
			);
			runOnlyForDeploymentPostprocessing = 0;
		};
		ED5DAB3561D9432F2BADC80F /* Sources */ = {
			isa = PBXSourcesBuildPhase;
			buildActionMask = 2147483647;
			files = (
				B7674EEBC6079942D18D0325 /* BayesianNetwork+Inference.swift in Sources */,
				E3CADD68F04D3A632C6B83CD /* BayesianNetwork.swift in Sources */,
				DA2F47AF2D6C218AC5441FAF /* BayesianNetworkFile.swift in Sources */,
				C7AB1D674BE124DCC73B4FB2 /* BayesianNetworkFileCPTRow.swift in Sources */,
				85A2AF714D075CEA973D3FF5 /* BayesianNetworkFileNode.swift in Sources */,
				07EFFFBAFFCAFE12F1C5B0A7 /* BayesianNetworkNode.swift in Sources */,
				DA04EA594D465962F3AC99AD /* BayesianNetworkTypes.swift in Sources */,
				3BA80C2923281AFD2335F2BB /* CameraAuthorization.swift in Sources */,
				37F0B8760E07F1A29279E224 /* CameraCaptureView.swift in Sources */,
				26E51452D02CD3067C744F70 /* CapturedLocation.swift in Sources */,
				4961F241FB3FD94E6B541E4D /* CloudCoverDial.swift in Sources */,
				C11624CE051975D66084F9D1 /* CloudGenus.swift in Sources */,
				018A5F6B168C1A3851BE5825 /* CloudObservation.swift in Sources */,
				CFA2420D838A886542163FE0 /* CloudsApp.swift in Sources */,
				4205DC43D0AF16F6FEBDDF6F /* ConditionalProbabilityTable.swift in Sources */,
				1E9E7D26EDD33F3DC225AD08 /* HistoryEntry.swift in Sources */,
				00D31B2F3287427F28053B3A /* HistoryView.swift in Sources */,
				5AF6D534768EA74054AD5F9F /* IdentificationCatalog.swift in Sources */,
				119EEF67FD7C39B5238FAD55 /* IdentificationSession.swift in Sources */,
				EB20768A9A9CF2CA20F9E1FA /* IdentifyPhotoView.swift in Sources */,
				15FE3F137E95A4B53059FCDF /* IdentifyQuestionView.swift in Sources */,
				C9F7FA330DE4BBE876847066 /* IdentifyResultView.swift in Sources */,
				41CF4589C1F3410E0AAB7190 /* IdentifySkyConditionsView.swift in Sources */,
				5E5B67C470292F15A3664C16 /* IdentifyView.swift in Sources */,
				7A8EA0F72266141ED7247035 /* ImageThumbnailer.swift in Sources */,
				32E05F7EFBE924C335502760 /* LocationProvider.swift in Sources */,
				435A5E280FE3181D1D4A19C0 /* ObservationRow.swift in Sources */,
				4867F34167C9CEDE855BFA4E /* PhotoCaptureDateExtractor.swift in Sources */,
				A57E135D481577A7537EA34D /* PhotoGPSCoordinateExtractor.swift in Sources */,
				FAFE19F7B982005E7730CDE8 /* PhotoOrigin.swift in Sources */,
				B1C0590E823ADC0CAE8C4891 /* QuestionAnswer.swift in Sources */,
				4D0EABE766627635FAC8555E /* QuestionDefinition.swift in Sources */,
				25C77F50A0C7E8A586FCEEA3 /* ReverseGeocoder.swift in Sources */,
				A02F59C811B21E1407D8F250 /* SchemaError.swift in Sources */,
				F01FA4F30CB44E03DFF2B0CE /* SkyConditions.swift in Sources */,
				EBB74A52309FFD490D78D65E /* SkyConditionsSummaryView.swift in Sources */,
				355CEEFA412E978237F8CCBB /* WeatherProvider.swift in Sources */,
				C4FECE0CFED005FB4985E646 /* WeatherSummaryView.swift in Sources */,
			);
			runOnlyForDeploymentPostprocessing = 0;
		};
/* End PBXSourcesBuildPhase section */

/* Begin PBXTargetDependency section */
		37628AA0728D2E4200F9B535 /* PBXTargetDependency */ = {
			isa = PBXTargetDependency;
			target = 1A4C456ED78B0C0624C4F47E /* Clouds */;
			targetProxy = 486D74450EB2F9A2DFB1F56F /* PBXContainerItemProxy */;
		};
		8384D49793E7D598945A7CAF /* PBXTargetDependency */ = {
			isa = PBXTargetDependency;
			target = 1A4C456ED78B0C0624C4F47E /* Clouds */;
			targetProxy = 8F779E78F6A77440DED53D0B /* PBXContainerItemProxy */;
		};
/* End PBXTargetDependency section */

/* Begin XCBuildConfiguration section */
		46DDE41495BB08D9B1E5260F /* Debug */ = {
			isa = XCBuildConfiguration;
			buildSettings = {
				ASSETCATALOG_COMPILER_APPICON_NAME = AppIcon;
				ASSETCATALOG_COMPILER_GLOBAL_ACCENT_COLOR_NAME = AccentColor;
				CODE_SIGN_ENTITLEMENTS = Clouds/Clouds.entitlements;
				CODE_SIGN_IDENTITY = "iPhone Developer";
				GENERATE_INFOPLIST_FILE = YES;
				INFOPLIST_KEY_NSCameraUsageDescription = "Clouds uses your camera to take a photo of an observed cloud.";
				INFOPLIST_KEY_NSLocationWhenInUseUsageDescription = "Clouds uses your location to record where you observed each cloud.";
				INFOPLIST_KEY_UILaunchScreen_Generation = YES;
				INFOPLIST_KEY_UISupportedInterfaceOrientations = UIInterfaceOrientationPortrait;
				"INFOPLIST_KEY_UISupportedInterfaceOrientations~ipad" = "UIInterfaceOrientationPortrait UIInterfaceOrientationPortraitUpsideDown UIInterfaceOrientationLandscapeLeft UIInterfaceOrientationLandscapeRight";
				LD_RUNPATH_SEARCH_PATHS = (
					"$(inherited)",
					"@executable_path/Frameworks",
				);
				PRODUCT_BUNDLE_IDENTIFIER = no.oekalegon.Clouds;
				SDKROOT = iphoneos;
				TARGETED_DEVICE_FAMILY = "1,2";
			};
			name = Debug;
		};
		47819D5E6F0CB0770B73E94D /* Release */ = {
			isa = XCBuildConfiguration;
			baseConfigurationReference = C9E1F1C0088EF73B31FFB761 /* Shared.xcconfig */;
			buildSettings = {
				ALWAYS_SEARCH_USER_PATHS = NO;
				CLANG_ANALYZER_NONNULL = YES;
				CLANG_ANALYZER_NUMBER_OBJECT_CONVERSION = YES_AGGRESSIVE;
				CLANG_CXX_LANGUAGE_STANDARD = "gnu++14";
				CLANG_CXX_LIBRARY = "libc++";
				CLANG_ENABLE_MODULES = YES;
				CLANG_ENABLE_OBJC_ARC = YES;
				CLANG_ENABLE_OBJC_WEAK = YES;
				CLANG_WARN_BLOCK_CAPTURE_AUTORELEASING = YES;
				CLANG_WARN_BOOL_CONVERSION = YES;
				CLANG_WARN_COMMA = YES;
				CLANG_WARN_CONSTANT_CONVERSION = YES;
				CLANG_WARN_DEPRECATED_OBJC_IMPLEMENTATIONS = YES;
				CLANG_WARN_DIRECT_OBJC_ISA_USAGE = YES_ERROR;
				CLANG_WARN_DOCUMENTATION_COMMENTS = YES;
				CLANG_WARN_EMPTY_BODY = YES;
				CLANG_WARN_ENUM_CONVERSION = YES;
				CLANG_WARN_INFINITE_RECURSION = YES;
				CLANG_WARN_INT_CONVERSION = YES;
				CLANG_WARN_NON_LITERAL_NULL_CONVERSION = YES;
				CLANG_WARN_OBJC_IMPLICIT_RETAIN_SELF = YES;
				CLANG_WARN_OBJC_LITERAL_CONVERSION = YES;
				CLANG_WARN_OBJC_ROOT_CLASS = YES_ERROR;
				CLANG_WARN_QUOTED_INCLUDE_IN_FRAMEWORK_HEADER = YES;
				CLANG_WARN_RANGE_LOOP_ANALYSIS = YES;
				CLANG_WARN_STRICT_PROTOTYPES = YES;
				CLANG_WARN_SUSPICIOUS_MOVE = YES;
				CLANG_WARN_UNGUARDED_AVAILABILITY = YES_AGGRESSIVE;
				CLANG_WARN_UNREACHABLE_CODE = YES;
				CLANG_WARN__DUPLICATE_METHOD_MATCH = YES;
				COPY_PHASE_STRIP = NO;
				CURRENT_PROJECT_VERSION = 1;
				DEBUG_INFORMATION_FORMAT = "dwarf-with-dsym";
				ENABLE_NS_ASSERTIONS = NO;
				ENABLE_STRICT_OBJC_MSGSEND = YES;
				GCC_C_LANGUAGE_STANDARD = gnu11;
				GCC_NO_COMMON_BLOCKS = YES;
				GCC_WARN_64_TO_32_BIT_CONVERSION = YES;
				GCC_WARN_ABOUT_RETURN_TYPE = YES_ERROR;
				GCC_WARN_UNDECLARED_SELECTOR = YES;
				GCC_WARN_UNINITIALIZED_AUTOS = YES_AGGRESSIVE;
				GCC_WARN_UNUSED_FUNCTION = YES;
				GCC_WARN_UNUSED_VARIABLE = YES;
				IPHONEOS_DEPLOYMENT_TARGET = 26.0;
				MARKETING_VERSION = 1.0.0;
				MTL_ENABLE_DEBUG_INFO = NO;
				MTL_FAST_MATH = YES;
				PRODUCT_NAME = "$(TARGET_NAME)";
				SDKROOT = iphoneos;
				SWIFT_COMPILATION_MODE = wholemodule;
				SWIFT_OPTIMIZATION_LEVEL = "-O";
				SWIFT_VERSION = 6.0;
			};
			name = Release;
		};
		9D4A0A71717A59A50D208DC0 /* Release */ = {
			isa = XCBuildConfiguration;
			buildSettings = {
				BUNDLE_LOADER = "$(TEST_HOST)";
				GENERATE_INFOPLIST_FILE = YES;
				LD_RUNPATH_SEARCH_PATHS = (
					"$(inherited)",
					"@executable_path/Frameworks",
					"@loader_path/Frameworks",
				);
				PRODUCT_BUNDLE_IDENTIFIER = no.oekalegon.CloudsTests;
				SDKROOT = iphoneos;
				TARGETED_DEVICE_FAMILY = "1,2";
				TEST_HOST = "$(BUILT_PRODUCTS_DIR)/Clouds.app/Clouds";
			};
			name = Release;
		};
		A6B1915E9ACD9309117A2D85 /* Debug */ = {
			isa = XCBuildConfiguration;
			buildSettings = {
				BUNDLE_LOADER = "$(TEST_HOST)";
				GENERATE_INFOPLIST_FILE = YES;
				LD_RUNPATH_SEARCH_PATHS = (
					"$(inherited)",
					"@executable_path/Frameworks",
					"@loader_path/Frameworks",
				);
				PRODUCT_BUNDLE_IDENTIFIER = no.oekalegon.CloudsUITests;
				SDKROOT = iphoneos;
				TARGETED_DEVICE_FAMILY = "1,2";
				TEST_TARGET_NAME = Clouds;
			};
			name = Debug;
		};
		B47FC1E958B6ACBB02233C48 /* Release */ = {
			isa = XCBuildConfiguration;
			buildSettings = {
				ASSETCATALOG_COMPILER_APPICON_NAME = AppIcon;
				ASSETCATALOG_COMPILER_GLOBAL_ACCENT_COLOR_NAME = AccentColor;
				CODE_SIGN_ENTITLEMENTS = Clouds/Clouds.entitlements;
				CODE_SIGN_IDENTITY = "iPhone Developer";
				GENERATE_INFOPLIST_FILE = YES;
				INFOPLIST_KEY_NSCameraUsageDescription = "Clouds uses your camera to take a photo of an observed cloud.";
				INFOPLIST_KEY_NSLocationWhenInUseUsageDescription = "Clouds uses your location to record where you observed each cloud.";
				INFOPLIST_KEY_UILaunchScreen_Generation = YES;
				INFOPLIST_KEY_UISupportedInterfaceOrientations = UIInterfaceOrientationPortrait;
				"INFOPLIST_KEY_UISupportedInterfaceOrientations~ipad" = "UIInterfaceOrientationPortrait UIInterfaceOrientationPortraitUpsideDown UIInterfaceOrientationLandscapeLeft UIInterfaceOrientationLandscapeRight";
				LD_RUNPATH_SEARCH_PATHS = (
					"$(inherited)",
					"@executable_path/Frameworks",
				);
				PRODUCT_BUNDLE_IDENTIFIER = no.oekalegon.Clouds;
				SDKROOT = iphoneos;
				TARGETED_DEVICE_FAMILY = "1,2";
			};
			name = Release;
		};
		BEB3F356C9C10B9AF4065F36 /* Release */ = {
			isa = XCBuildConfiguration;
			buildSettings = {
				BUNDLE_LOADER = "$(TEST_HOST)";
				GENERATE_INFOPLIST_FILE = YES;
				LD_RUNPATH_SEARCH_PATHS = (
					"$(inherited)",
					"@executable_path/Frameworks",
					"@loader_path/Frameworks",
				);
				PRODUCT_BUNDLE_IDENTIFIER = no.oekalegon.CloudsUITests;
				SDKROOT = iphoneos;
				TARGETED_DEVICE_FAMILY = "1,2";
				TEST_TARGET_NAME = Clouds;
			};
			name = Release;
		};
		C7C17B7307436CD8E9E9859C /* Debug */ = {
			isa = XCBuildConfiguration;
			buildSettings = {
				BUNDLE_LOADER = "$(TEST_HOST)";
				GENERATE_INFOPLIST_FILE = YES;
				LD_RUNPATH_SEARCH_PATHS = (
					"$(inherited)",
					"@executable_path/Frameworks",
					"@loader_path/Frameworks",
				);
				PRODUCT_BUNDLE_IDENTIFIER = no.oekalegon.CloudsTests;
				SDKROOT = iphoneos;
				TARGETED_DEVICE_FAMILY = "1,2";
				TEST_HOST = "$(BUILT_PRODUCTS_DIR)/Clouds.app/Clouds";
			};
			name = Debug;
		};
		CD83A17DC9AAC7C22DDE6D40 /* Debug */ = {
			isa = XCBuildConfiguration;
			baseConfigurationReference = C9E1F1C0088EF73B31FFB761 /* Shared.xcconfig */;
			buildSettings = {
				ALWAYS_SEARCH_USER_PATHS = NO;
				CLANG_ANALYZER_NONNULL = YES;
				CLANG_ANALYZER_NUMBER_OBJECT_CONVERSION = YES_AGGRESSIVE;
				CLANG_CXX_LANGUAGE_STANDARD = "gnu++14";
				CLANG_CXX_LIBRARY = "libc++";
				CLANG_ENABLE_MODULES = YES;
				CLANG_ENABLE_OBJC_ARC = YES;
				CLANG_ENABLE_OBJC_WEAK = YES;
				CLANG_WARN_BLOCK_CAPTURE_AUTORELEASING = YES;
				CLANG_WARN_BOOL_CONVERSION = YES;
				CLANG_WARN_COMMA = YES;
				CLANG_WARN_CONSTANT_CONVERSION = YES;
				CLANG_WARN_DEPRECATED_OBJC_IMPLEMENTATIONS = YES;
				CLANG_WARN_DIRECT_OBJC_ISA_USAGE = YES_ERROR;
				CLANG_WARN_DOCUMENTATION_COMMENTS = YES;
				CLANG_WARN_EMPTY_BODY = YES;
				CLANG_WARN_ENUM_CONVERSION = YES;
				CLANG_WARN_INFINITE_RECURSION = YES;
				CLANG_WARN_INT_CONVERSION = YES;
				CLANG_WARN_NON_LITERAL_NULL_CONVERSION = YES;
				CLANG_WARN_OBJC_IMPLICIT_RETAIN_SELF = YES;
				CLANG_WARN_OBJC_LITERAL_CONVERSION = YES;
				CLANG_WARN_OBJC_ROOT_CLASS = YES_ERROR;
				CLANG_WARN_QUOTED_INCLUDE_IN_FRAMEWORK_HEADER = YES;
				CLANG_WARN_RANGE_LOOP_ANALYSIS = YES;
				CLANG_WARN_STRICT_PROTOTYPES = YES;
				CLANG_WARN_SUSPICIOUS_MOVE = YES;
				CLANG_WARN_UNGUARDED_AVAILABILITY = YES_AGGRESSIVE;
				CLANG_WARN_UNREACHABLE_CODE = YES;
				CLANG_WARN__DUPLICATE_METHOD_MATCH = YES;
				COPY_PHASE_STRIP = NO;
				CURRENT_PROJECT_VERSION = 1;
				DEBUG_INFORMATION_FORMAT = dwarf;
				ENABLE_STRICT_OBJC_MSGSEND = YES;
				ENABLE_TESTABILITY = YES;
				GCC_C_LANGUAGE_STANDARD = gnu11;
				GCC_DYNAMIC_NO_PIC = NO;
				GCC_NO_COMMON_BLOCKS = YES;
				GCC_OPTIMIZATION_LEVEL = 0;
				GCC_PREPROCESSOR_DEFINITIONS = (
					"$(inherited)",
					"DEBUG=1",
				);
				GCC_WARN_64_TO_32_BIT_CONVERSION = YES;
				GCC_WARN_ABOUT_RETURN_TYPE = YES_ERROR;
				GCC_WARN_UNDECLARED_SELECTOR = YES;
				GCC_WARN_UNINITIALIZED_AUTOS = YES_AGGRESSIVE;
				GCC_WARN_UNUSED_FUNCTION = YES;
				GCC_WARN_UNUSED_VARIABLE = YES;
				IPHONEOS_DEPLOYMENT_TARGET = 26.0;
				MARKETING_VERSION = 1.0.0;
				MTL_ENABLE_DEBUG_INFO = INCLUDE_SOURCE;
				MTL_FAST_MATH = YES;
				ONLY_ACTIVE_ARCH = YES;
				PRODUCT_NAME = "$(TARGET_NAME)";
				SDKROOT = iphoneos;
				SWIFT_ACTIVE_COMPILATION_CONDITIONS = DEBUG;
				SWIFT_OPTIMIZATION_LEVEL = "-Onone";
				SWIFT_VERSION = 6.0;
			};
			name = Debug;
		};
/* End XCBuildConfiguration section */

/* Begin XCConfigurationList section */
		3127AE22647E708CEEE1D2A1 /* Build configuration list for PBXProject "Clouds" */ = {
			isa = XCConfigurationList;
			buildConfigurations = (
				CD83A17DC9AAC7C22DDE6D40 /* Debug */,
				47819D5E6F0CB0770B73E94D /* Release */,
			);
			defaultConfigurationIsVisible = 0;
			defaultConfigurationName = Debug;
		};
		614BAB138AA0E9D1FE1B4AF2 /* Build configuration list for PBXNativeTarget "CloudsTests" */ = {
			isa = XCConfigurationList;
			buildConfigurations = (
				C7C17B7307436CD8E9E9859C /* Debug */,
				9D4A0A71717A59A50D208DC0 /* Release */,
			);
			defaultConfigurationIsVisible = 0;
			defaultConfigurationName = Debug;
		};
		903D8DBC413B12EB215921DA /* Build configuration list for PBXNativeTarget "Clouds" */ = {
			isa = XCConfigurationList;
			buildConfigurations = (
				46DDE41495BB08D9B1E5260F /* Debug */,
				B47FC1E958B6ACBB02233C48 /* Release */,
			);
			defaultConfigurationIsVisible = 0;
			defaultConfigurationName = Debug;
		};
		FB534B1F820259F9B386D220 /* Build configuration list for PBXNativeTarget "CloudsUITests" */ = {
			isa = XCConfigurationList;
			buildConfigurations = (
				A6B1915E9ACD9309117A2D85 /* Debug */,
				BEB3F356C9C10B9AF4065F36 /* Release */,
			);
			defaultConfigurationIsVisible = 0;
			defaultConfigurationName = Debug;
		};
/* End XCConfigurationList section */
	};
	rootObject = B316FFC8514378BC24A55769 /* Project object */;
}
